---
mruby:
  version: 3.3.0
  release_no: 30300
  git_commit: b44dc1c0b95e98033d378e351bb699128136a2a1
builds:
  host:
    https://github.com/buty4649/mruby-test-stub.git:
      url: https://github.com/buty4649/mruby-test-stub.git
      branch: main
      commit: c89130b3131daa4e98048528ab5aaee3cc870ab3
      version: 1.0.0
    https://github.com/buty4649/mruby-terminal-color.git:
      url: https://github.com/buty4649/mruby-terminal-color.git
      branch: main
      commit: 2ee7d972b4f4fb59a9390be5ed30152e4e0fc05b
      version: 1.0.0
